<Solution>
  <Folder Name="/specs/">
    <File Path="specs/AES256_Crypto_Library.md" />
    <File Path="specs/Obfuscar.md" />
  </Folder>
  <Folder Name="/方案項目/">
    <File Path=".github/instruction.md" />
    <File Path="agent.md" />
    <File Path="README.md" />
  </Folder>
  <Project Path="Aes256CryptoLib.Tests/Aes256CryptoLib.Tests.csproj" />
  <Project Path="Aes256CryptoLib/Aes256CryptoLib.csproj" />
</Solution>
