<Solution>
  <Folder Name="/specs/">
    <File Path="specs/AES256_Crypto_Library.md" />
  </Folder>
  <Folder Name="/方案項目/">
    <File Path=".github/instruction.md" />
    <File Path="agent.md" />
    <File Path="README.md" />
  </Folder>
  <Project Path="CryptoLib.Tests/CryptoLib.Tests.csproj" />
  <Project Path="CryptoLib/CryptoLib.csproj" />
</Solution>
